
Microsoft Visual Studio Solution File, Format Version 12.00
# Visual Studio Version 17
VisualStudioVersion = 17.2.32630.192
MinimumVisualStudioVersion = 10.0.40219.1
Project("{FAE04EC0-301F-11D3-BF4B-00C04F79EFBC}") = "Hashtable method", "Hashtable method\Hashtable method.csproj", "{D83FFF54-5B49-4B36-A233-9A1B82DF6430}"
EndProject
Global
	GlobalSection(SolutionConfigurationPlatforms) = preSolution
		Debug|Any CPU = Debug|Any CPU
		Release|Any CPU = Release|Any CPU
	EndGlobalSection
	GlobalSection(ProjectConfigurationPlatforms) = postSolution
		{D83FFF54-5B49-4B36-A233-9A1B82DF6430}.Debug|Any CPU.ActiveCfg = Debug|Any CPU
		{D83FFF54-5B49-4B36-A233-9A1B82DF6430}.Debug|Any CPU.Build.0 = Debug|Any CPU
		{D83FFF54-5B49-4B36-A233-9A1B82DF6430}.Release|Any CPU.ActiveCfg = Release|Any CPU
		{D83FFF54-5B49-4B36-A233-9A1B82DF6430}.Release|Any CPU.Build.0 = Release|Any CPU
	EndGlobalSection
	GlobalSection(SolutionProperties) = preSolution
		HideSolutionNode = FALSE
	EndGlobalSection
	GlobalSection(ExtensibilityGlobals) = postSolution
		SolutionGuid = {687F4E59-C409-47C5-A3BD-5112C60497A9}
	EndGlobalSection
EndGlobal
